
Microsoft Visual Studio Solution File, Format Version 12.00
# Visual Studio Version 16
VisualStudioVersion = 16.0.29318.209
MinimumVisualStudioVersion = 10.0.40219.1
Project("{2150E333-8FDC-42A3-9474-1A3956D46DE8}") = "src", "src", "{877005FF-A8AA-4FC3-ADB3-84D97C80E6EE}"
	ProjectSection(SolutionItems) = preProject
		README.md = README.md
	EndProjectSection
EndProject
Project("{2150E333-8FDC-42A3-9474-1A3956D46DE8}") = "Solution Items", "Solution Items", "{57983A95-8BCD-420B-92DB-8AEE444C6854}"
	ProjectSection(SolutionItems) = preProject
		azure-pipelines.yml = azure-pipelines.yml
		README.md = README.md
	EndProjectSection
EndProject
Project("{9A19103F-16F7-4668-BE54-9A1E7A4F7556}") = "RestApiFromSqlSchema.Console", "src\RestApiFromSqlSchema.Console\RestApiFromSqlSchema.Console.csproj", "{80EBCFCF-DB9C-4B38-861B-593C6AA53BEE}"
EndProject
Project("{9A19103F-16F7-4668-BE54-9A1E7A4F7556}") = "RestApiFromSqlSchema.SqlServer", "src\RestApiFromSqlSchema.SqlServer\RestApiFromSqlSchema.SqlServer.csproj", "{E3EC0569-C7CB-40F4-95A1-09D141DB5C0E}"
EndProject
Project("{9A19103F-16F7-4668-BE54-9A1E7A4F7556}") = "RestApiFromSqlSchema", "src\RestApiFromSqlSchema\RestApiFromSqlSchema.csproj", "{9EB3797B-7387-4001-89B0-28D9A071C484}"
EndProject
Global
	GlobalSection(SolutionConfigurationPlatforms) = preSolution
		Debug|Any CPU = Debug|Any CPU
		Release|Any CPU = Release|Any CPU
	EndGlobalSection
	GlobalSection(ProjectConfigurationPlatforms) = postSolution
		{80EBCFCF-DB9C-4B38-861B-593C6AA53BEE}.Debug|Any CPU.ActiveCfg = Debug|Any CPU
		{80EBCFCF-DB9C-4B38-861B-593C6AA53BEE}.Debug|Any CPU.Build.0 = Debug|Any CPU
		{80EBCFCF-DB9C-4B38-861B-593C6AA53BEE}.Release|Any CPU.ActiveCfg = Release|Any CPU
		{80EBCFCF-DB9C-4B38-861B-593C6AA53BEE}.Release|Any CPU.Build.0 = Release|Any CPU
		{E3EC0569-C7CB-40F4-95A1-09D141DB5C0E}.Debug|Any CPU.ActiveCfg = Debug|Any CPU
		{E3EC0569-C7CB-40F4-95A1-09D141DB5C0E}.Debug|Any CPU.Build.0 = Debug|Any CPU
		{E3EC0569-C7CB-40F4-95A1-09D141DB5C0E}.Release|Any CPU.ActiveCfg = Release|Any CPU
		{E3EC0569-C7CB-40F4-95A1-09D141DB5C0E}.Release|Any CPU.Build.0 = Release|Any CPU
		{9EB3797B-7387-4001-89B0-28D9A071C484}.Debug|Any CPU.ActiveCfg = Debug|Any CPU
		{9EB3797B-7387-4001-89B0-28D9A071C484}.Debug|Any CPU.Build.0 = Debug|Any CPU
		{9EB3797B-7387-4001-89B0-28D9A071C484}.Release|Any CPU.ActiveCfg = Release|Any CPU
		{9EB3797B-7387-4001-89B0-28D9A071C484}.Release|Any CPU.Build.0 = Release|Any CPU
	EndGlobalSection
	GlobalSection(SolutionProperties) = preSolution
		HideSolutionNode = FALSE
	EndGlobalSection
	GlobalSection(NestedProjects) = preSolution
		{80EBCFCF-DB9C-4B38-861B-593C6AA53BEE} = {877005FF-A8AA-4FC3-ADB3-84D97C80E6EE}
		{E3EC0569-C7CB-40F4-95A1-09D141DB5C0E} = {877005FF-A8AA-4FC3-ADB3-84D97C80E6EE}
		{9EB3797B-7387-4001-89B0-28D9A071C484} = {877005FF-A8AA-4FC3-ADB3-84D97C80E6EE}
	EndGlobalSection
	GlobalSection(ExtensibilityGlobals) = postSolution
		SolutionGuid = {E5B154C3-8815-4766-8BA0-DBF8F5E13A8F}
	EndGlobalSection
EndGlobal
